
Microsoft Visual Studio Solution File, Format Version 12.00
# Visual Studio Version 17
VisualStudioVersion = 17.6.33723.286
MinimumVisualStudioVersion = 10.0.40219.1
Project("{FAE04EC0-301F-11D3-BF4B-00C04F79EFBC}") = "week20HW", "week20HW\week20HW.csproj", "{3ADFE8AF-13E3-4FF8-BD6C-ABCA8D80D555}"
EndProject
Global
	GlobalSection(SolutionConfigurationPlatforms) = preSolution
		Debug|Any CPU = Debug|Any CPU
		Release|Any CPU = Release|Any CPU
	EndGlobalSection
	GlobalSection(ProjectConfigurationPlatforms) = postSolution
		{3ADFE8AF-13E3-4FF8-BD6C-ABCA8D80D555}.Debug|Any CPU.ActiveCfg = Debug|Any CPU
		{3ADFE8AF-13E3-4FF8-BD6C-ABCA8D80D555}.Debug|Any CPU.Build.0 = Debug|Any CPU
		{3ADFE8AF-13E3-4FF8-BD6C-ABCA8D80D555}.Release|Any CPU.ActiveCfg = Release|Any CPU
		{3ADFE8AF-13E3-4FF8-BD6C-ABCA8D80D555}.Release|Any CPU.Build.0 = Release|Any CPU
	EndGlobalSection
	GlobalSection(SolutionProperties) = preSolution
		HideSolutionNode = FALSE
	EndGlobalSection
	GlobalSection(ExtensibilityGlobals) = postSolution
		SolutionGuid = {71D2BA14-F377-4612-87F2-4A1ED419920F}
	EndGlobalSection
EndGlobal
