
Microsoft Visual Studio Solution File, Format Version 12.00
# Visual Studio Version 17
VisualStudioVersion = 17.6.33723.286
MinimumVisualStudioVersion = 10.0.40219.1
Project("{FAE04EC0-301F-11D3-BF4B-00C04F79EFBC}") = "week1HW", "week1HW\week1HW.csproj", "{3BB09DB9-5DD2-4456-BB1A-CDD4EE9AABBD}"
EndProject
Global
	GlobalSection(SolutionConfigurationPlatforms) = preSolution
		Debug|Any CPU = Debug|Any CPU
		Release|Any CPU = Release|Any CPU
	EndGlobalSection
	GlobalSection(ProjectConfigurationPlatforms) = postSolution
		{3BB09DB9-5DD2-4456-BB1A-CDD4EE9AABBD}.Debug|Any CPU.ActiveCfg = Debug|Any CPU
		{3BB09DB9-5DD2-4456-BB1A-CDD4EE9AABBD}.Debug|Any CPU.Build.0 = Debug|Any CPU
		{3BB09DB9-5DD2-4456-BB1A-CDD4EE9AABBD}.Release|Any CPU.ActiveCfg = Release|Any CPU
		{3BB09DB9-5DD2-4456-BB1A-CDD4EE9AABBD}.Release|Any CPU.Build.0 = Release|Any CPU
	EndGlobalSection
	GlobalSection(SolutionProperties) = preSolution
		HideSolutionNode = FALSE
	EndGlobalSection
	GlobalSection(ExtensibilityGlobals) = postSolution
		SolutionGuid = {FE45AB95-2A58-4470-8019-68394F818C58}
	EndGlobalSection
EndGlobal
